
Microsoft Visual Studio Solution File, Format Version 12.00
# Visual Studio 15
Project("{FAE04EC0-301F-11D3-BF4B-00C04F79EFBC}") = "Assembly-CSharp", "Assembly-CSharp.csproj", "{5772797F-E7CE-EC47-22F6-40C14FAED803}"
EndProject
Global
	GlobalSection(SolutionConfigurationPlatforms) = preSolution
		Debug|Any CPU = Debug|Any CPU
		Release|Any CPU = Release|Any CPU
	EndGlobalSection
	GlobalSection(ProjectConfigurationPlatforms) = postSolution
		{5772797F-E7CE-EC47-22F6-40C14FAED803}.Debug|Any CPU.ActiveCfg = Debug|Any CPU
		{5772797F-E7CE-EC47-22F6-40C14FAED803}.Debug|Any CPU.Build.0 = Debug|Any CPU
		{5772797F-E7CE-EC47-22F6-40C14FAED803}.Release|Any CPU.ActiveCfg = Release|Any CPU
		{5772797F-E7CE-EC47-22F6-40C14FAED803}.Release|Any CPU.Build.0 = Release|Any CPU
	EndGlobalSection
	GlobalSection(SolutionProperties) = preSolution
		HideSolutionNode = FALSE
	EndGlobalSection
EndGlobal
